--- 
dependencies: 
  rack-pony: 
    group: 
    - :default
    version: ">= 0"
  rack: 
    group: 
    - :default
    version: ">= 0"
specs: 
- rack: 
    version: 1.2.1
- rack-pony: 
    version: 1.0.0
hash: 2878488f1a46601caacc8c63e2a002cd00096cd4
sources: 
- Rubygems: 
    uri: http://rubygems.org/
