--- 
dependencies: 
  rack-pony: 
    group: 
    - :default
    version: ">= 0"
  rack: 
    group: 
    - :default
    version: ">= 0"
specs: 
- rack: 
    version: 1.1.0
- rack-pony: 
    version: 1.0.0
hash: 7177a0025fd7c80f4b7e0caf1707ee2c2a214e7b
sources: 
- Rubygems: 
    uri: http://gemcutter.org
